// !$*UTF8*$!
{
	archiveVersion = 1;
	classes = {
	};
	objectVersion = 50;
	objects = {

/* Begin PBXBuildFile section */
		28F5F9BB2AEC1B78FA528D36 /* Pods_TrendRoadChartsSampleTests.framework in Frameworks */ = {isa = PBXBuildFile; fileRef = C72B45FEA46EA271C8434472 /* Pods_TrendRoadChartsSampleTests.framework */; };
		A335501533996BC574D3DFAC /* Pods_TrendRoadChartsSampleUITests.framework in Frameworks */ = {isa = PBXBuildFile; fileRef = 02CD13907EF01EB0C99B8E56 /* Pods_TrendRoadChartsSampleUITests.framework */; };
		AF90D4DB53F95A343928CF2E /* Pods_TrendRoadChartsSample.framework in Frameworks */ = {isa = PBXBuildFile; fileRef = A33D56CAA1F0CB23C0BB0C11 /* Pods_TrendRoadChartsSample.framework */; };
		EA5A3D5B22028F8D0093B886 /* DNSPageContentView.swift in Sources */ = {isa = PBXBuildFile; fileRef = EA5A3D5222028F8D0093B886 /* DNSPageContentView.swift */; };
		EA5A3D5C22028F8D0093B886 /* DNSPageHelper.swift in Sources */ = {isa = PBXBuildFile; fileRef = EA5A3D5322028F8D0093B886 /* DNSPageHelper.swift */; };
		EA5A3D5D22028F8D0093B886 /* DNSPageView.swift in Sources */ = {isa = PBXBuildFile; fileRef = EA5A3D5522028F8D0093B886 /* DNSPageView.swift */; };
		EA5A3D5E22028F8D0093B886 /* DNSPageTitleView.swift in Sources */ = {isa = PBXBuildFile; fileRef = EA5A3D5622028F8D0093B886 /* DNSPageTitleView.swift */; };
		EA5A3D5F22028F8D0093B886 /* DNSPageViewManager.swift in Sources */ = {isa = PBXBuildFile; fileRef = EA5A3D5722028F8D0093B886 /* DNSPageViewManager.swift */; };
		EA5A3D6022028F8D0093B886 /* DNSPageCollectionViewFlowLayout.swift in Sources */ = {isa = PBXBuildFile; fileRef = EA5A3D5822028F8D0093B886 /* DNSPageCollectionViewFlowLayout.swift */; };
		EA5A3D6122028F8D0093B886 /* DNSPageStyle.swift in Sources */ = {isa = PBXBuildFile; fileRef = EA5A3D5922028F8D0093B886 /* DNSPageStyle.swift */; };
		EA5A3D64220290250093B886 /* UIColor+LFTool.swift in Sources */ = {isa = PBXBuildFile; fileRef = EA5A3D63220290250093B886 /* UIColor+LFTool.swift */; };
		EA5A3D672202B2D60093B886 /* OpenResultViewController.swift in Sources */ = {isa = PBXBuildFile; fileRef = EA5A3D662202B2D60093B886 /* OpenResultViewController.swift */; };
		EA5A3D692202B30C0093B886 /* LFColdHotViewController.swift in Sources */ = {isa = PBXBuildFile; fileRef = EA5A3D682202B30C0093B886 /* LFColdHotViewController.swift */; };
		EA5A3D6C2202C2FF0093B886 /* TwoColorOpenTableViewCell.swift in Sources */ = {isa = PBXBuildFile; fileRef = EA5A3D6A2202C2FF0093B886 /* TwoColorOpenTableViewCell.swift */; };
		EA5A3D6D2202C2FF0093B886 /* TwoColorOpenTableViewCell.xib in Resources */ = {isa = PBXBuildFile; fileRef = EA5A3D6B2202C2FF0093B886 /* TwoColorOpenTableViewCell.xib */; };
		EA5A3D6F2202D0E10093B886 /* LFTrendNumLayout.swift in Sources */ = {isa = PBXBuildFile; fileRef = EA5A3D6E2202D0E10093B886 /* LFTrendNumLayout.swift */; };
		EA5A3D722202D21F0093B886 /* LFNumTrendIssuseTableViewCell.swift in Sources */ = {isa = PBXBuildFile; fileRef = EA5A3D702202D21F0093B886 /* LFNumTrendIssuseTableViewCell.swift */; };
		EA5A3D732202D21F0093B886 /* LFNumTrendIssuseTableViewCell.xib in Resources */ = {isa = PBXBuildFile; fileRef = EA5A3D712202D21F0093B886 /* LFNumTrendIssuseTableViewCell.xib */; };
		EA5A3D752202D8650093B886 /* LFTrendNumItemCollectionViewCell.swift in Sources */ = {isa = PBXBuildFile; fileRef = EA5A3D742202D8650093B886 /* LFTrendNumItemCollectionViewCell.swift */; };
		EA5A3D772204271F0093B886 /* LFOmiItemFrameModel.swift in Sources */ = {isa = PBXBuildFile; fileRef = EA5A3D762204271F0093B886 /* LFOmiItemFrameModel.swift */; };
		EA5A3D7922056D200093B886 /* LFTrendDrawLineModel.swift in Sources */ = {isa = PBXBuildFile; fileRef = EA5A3D7822056D200093B886 /* LFTrendDrawLineModel.swift */; };
		EA78696422002ECB003AC4CF /* AppDelegate.swift in Sources */ = {isa = PBXBuildFile; fileRef = EA78696322002ECB003AC4CF /* AppDelegate.swift */; };
		EA78696622002ECB003AC4CF /* ViewController.swift in Sources */ = {isa = PBXBuildFile; fileRef = EA78696522002ECB003AC4CF /* ViewController.swift */; };
		EA78696922002ECB003AC4CF /* Main.storyboard in Resources */ = {isa = PBXBuildFile; fileRef = EA78696722002ECB003AC4CF /* Main.storyboard */; };
		EA78696B22002ECC003AC4CF /* Assets.xcassets in Resources */ = {isa = PBXBuildFile; fileRef = EA78696A22002ECC003AC4CF /* Assets.xcassets */; };
		EA78696E22002ECC003AC4CF /* LaunchScreen.storyboard in Resources */ = {isa = PBXBuildFile; fileRef = EA78696C22002ECC003AC4CF /* LaunchScreen.storyboard */; };
		EA78697922002ECC003AC4CF /* TrendRoadChartsSampleTests.swift in Sources */ = {isa = PBXBuildFile; fileRef = EA78697822002ECC003AC4CF /* TrendRoadChartsSampleTests.swift */; };
		EA78698422002ECC003AC4CF /* TrendRoadChartsSampleUITests.swift in Sources */ = {isa = PBXBuildFile; fileRef = EA78698322002ECC003AC4CF /* TrendRoadChartsSampleUITests.swift */; };
		EA786995220030A1003AC4CF /* LFTrendCalculate.swift in Sources */ = {isa = PBXBuildFile; fileRef = EA786994220030A1003AC4CF /* LFTrendCalculate.swift */; };
		EA786997220030E7003AC4CF /* LFLogTool.swift in Sources */ = {isa = PBXBuildFile; fileRef = EA786996220030E7003AC4CF /* LFLogTool.swift */; };
		EA78699A22003697003AC4CF /* LFURLProtocol.swift in Sources */ = {isa = PBXBuildFile; fileRef = EA78699922003697003AC4CF /* LFURLProtocol.swift */; };
		EA9C41822216CD1900B47822 /* LFRoadInputParamModel.swift in Sources */ = {isa = PBXBuildFile; fileRef = EA9C41812216CD1900B47822 /* LFRoadInputParamModel.swift */; };
		EA9C41842216CD4000B47822 /* LFRoadOutputParamModel.swift in Sources */ = {isa = PBXBuildFile; fileRef = EA9C41832216CD4000B47822 /* LFRoadOutputParamModel.swift */; };
		EA9C41862216CFF900B47822 /* LFRoadCalculateTool.swift in Sources */ = {isa = PBXBuildFile; fileRef = EA9C41852216CFF900B47822 /* LFRoadCalculateTool.swift */; };
		EA9C41882217B92700B47822 /* LFRoadChartView.swift in Sources */ = {isa = PBXBuildFile; fileRef = EA9C41872217B92700B47822 /* LFRoadChartView.swift */; };
		EA9C418A2217B95300B47822 /* LFRoadChartNumLayout.swift in Sources */ = {isa = PBXBuildFile; fileRef = EA9C41892217B95300B47822 /* LFRoadChartNumLayout.swift */; };
		EA9C418C2217B97F00B47822 /* LFRoadChartCollectionViewCell.swift in Sources */ = {isa = PBXBuildFile; fileRef = EA9C418B2217B97F00B47822 /* LFRoadChartCollectionViewCell.swift */; };
		EA9C418E2217B9B300B47822 /* LFRoadAskTipView.swift in Sources */ = {isa = PBXBuildFile; fileRef = EA9C418D2217B9B300B47822 /* LFRoadAskTipView.swift */; };
		EA9C41902217F3CC00B47822 /* LFDrawTool.swift in Sources */ = {isa = PBXBuildFile; fileRef = EA9C418F2217F3CC00B47822 /* LFDrawTool.swift */; };
		EA9C419322181F8E00B47822 /* LFAskRoad1ViewController.swift in Sources */ = {isa = PBXBuildFile; fileRef = EA9C419222181F8E00B47822 /* LFAskRoad1ViewController.swift */; };
		EA9C419522181FE000B47822 /* LFAskRoadTypeListViewController.swift in Sources */ = {isa = PBXBuildFile; fileRef = EA9C419422181FE000B47822 /* LFAskRoadTypeListViewController.swift */; };
		EA9C41972218256000B47822 /* LFAskRoadViewController.swift in Sources */ = {isa = PBXBuildFile; fileRef = EA9C41962218256000B47822 /* LFAskRoadViewController.swift */; };
		EA9C419922182A7000B47822 /* UIView+LFRect.swift in Sources */ = {isa = PBXBuildFile; fileRef = EA9C419822182A7000B47822 /* UIView+LFRect.swift */; };
		EA9C419B221832FF00B47822 /* LFAskRoadCategoryModel.swift in Sources */ = {isa = PBXBuildFile; fileRef = EA9C419A221832FF00B47822 /* LFAskRoadCategoryModel.swift */; };
		EA9C419D221A8D2B00B47822 /* Macros.swift in Sources */ = {isa = PBXBuildFile; fileRef = EA9C419C221A8D2B00B47822 /* Macros.swift */; };
		EA9C41A3221A9DED00B47822 /* DropListCenterTableViewCell.swift in Sources */ = {isa = PBXBuildFile; fileRef = EA9C41A0221A9DED00B47822 /* DropListCenterTableViewCell.swift */; };
		EA9C41A4221A9DED00B47822 /* DropListView.swift in Sources */ = {isa = PBXBuildFile; fileRef = EA9C41A1221A9DED00B47822 /* DropListView.swift */; };
		EA9C41A5221A9DED00B47822 /* DropCellConfigure.swift in Sources */ = {isa = PBXBuildFile; fileRef = EA9C41A2221A9DED00B47822 /* DropCellConfigure.swift */; };
		EACD3172220185B6003DEA9C /* LFTrendInputParamModel.swift in Sources */ = {isa = PBXBuildFile; fileRef = EACD3171220185B6003DEA9C /* LFTrendInputParamModel.swift */; };
		EACD317422019EC0003DEA9C /* Array+LFTool.swift in Sources */ = {isa = PBXBuildFile; fileRef = EACD317322019EC0003DEA9C /* Array+LFTool.swift */; };
		EACD31772201B2C3003DEA9C /* LFNumTrendViewController.swift in Sources */ = {isa = PBXBuildFile; fileRef = EACD31762201B2C3003DEA9C /* LFNumTrendViewController.swift */; };
		EACD31792201B308003DEA9C /* TrendViewController.swift in Sources */ = {isa = PBXBuildFile; fileRef = EACD31782201B308003DEA9C /* TrendViewController.swift */; };
/* End PBXBuildFile section */

/* Begin PBXContainerItemProxy section */
		EA78697522002ECC003AC4CF /* PBXContainerItemProxy */ = {
			isa = PBXContainerItemProxy;
			containerPortal = EA78695822002ECB003AC4CF /* Project object */;
			proxyType = 1;
			remoteGlobalIDString = EA78695F22002ECB003AC4CF;
			remoteInfo = TrendRoadChartsSample;
		};
		EA78698022002ECC003AC4CF /* PBXContainerItemProxy */ = {
			isa = PBXContainerItemProxy;
			containerPortal = EA78695822002ECB003AC4CF /* Project object */;
			proxyType = 1;
			remoteGlobalIDString = EA78695F22002ECB003AC4CF;
			remoteInfo = TrendRoadChartsSample;
		};
/* End PBXContainerItemProxy section */

/* Begin PBXFileReference section */
		02CD13907EF01EB0C99B8E56 /* Pods_TrendRoadChartsSampleUITests.framework */ = {isa = PBXFileReference; explicitFileType = wrapper.framework; includeInIndex = 0; path = Pods_TrendRoadChartsSampleUITests.framework; sourceTree = BUILT_PRODUCTS_DIR; };
		107A34E25F63F5E7D602886A /* Pods-TrendRoadChartsSampleTests.release.xcconfig */ = {isa = PBXFileReference; includeInIndex = 1; lastKnownFileType = text.xcconfig; name = "Pods-TrendRoadChartsSampleTests.release.xcconfig"; path = "Pods/Target Support Files/Pods-TrendRoadChartsSampleTests/Pods-TrendRoadChartsSampleTests.release.xcconfig"; sourceTree = "<group>"; };
		541F7CEC90884E1A08451AE5 /* Pods-TrendRoadChartsSampleUITests.debug.xcconfig */ = {isa = PBXFileReference; includeInIndex = 1; lastKnownFileType = text.xcconfig; name = "Pods-TrendRoadChartsSampleUITests.debug.xcconfig"; path = "Pods/Target Support Files/Pods-TrendRoadChartsSampleUITests/Pods-TrendRoadChartsSampleUITests.debug.xcconfig"; sourceTree = "<group>"; };
		9EAA561B4A9CDD8EA253F26C /* Pods-TrendRoadChartsSample.release.xcconfig */ = {isa = PBXFileReference; includeInIndex = 1; lastKnownFileType = text.xcconfig; name = "Pods-TrendRoadChartsSample.release.xcconfig"; path = "Pods/Target Support Files/Pods-TrendRoadChartsSample/Pods-TrendRoadChartsSample.release.xcconfig"; sourceTree = "<group>"; };
		A33D56CAA1F0CB23C0BB0C11 /* Pods_TrendRoadChartsSample.framework */ = {isa = PBXFileReference; explicitFileType = wrapper.framework; includeInIndex = 0; path = Pods_TrendRoadChartsSample.framework; sourceTree = BUILT_PRODUCTS_DIR; };
		B3E93556CE381833D4B2C90F /* Pods-TrendRoadChartsSample.debug.xcconfig */ = {isa = PBXFileReference; includeInIndex = 1; lastKnownFileType = text.xcconfig; name = "Pods-TrendRoadChartsSample.debug.xcconfig"; path = "Pods/Target Support Files/Pods-TrendRoadChartsSample/Pods-TrendRoadChartsSample.debug.xcconfig"; sourceTree = "<group>"; };
		C72B45FEA46EA271C8434472 /* Pods_TrendRoadChartsSampleTests.framework */ = {isa = PBXFileReference; explicitFileType = wrapper.framework; includeInIndex = 0; path = Pods_TrendRoadChartsSampleTests.framework; sourceTree = BUILT_PRODUCTS_DIR; };
		D620592FE6473A5E6F2E706B /* Pods-TrendRoadChartsSampleUITests.release.xcconfig */ = {isa = PBXFileReference; includeInIndex = 1; lastKnownFileType = text.xcconfig; name = "Pods-TrendRoadChartsSampleUITests.release.xcconfig"; path = "Pods/Target Support Files/Pods-TrendRoadChartsSampleUITests/Pods-TrendRoadChartsSampleUITests.release.xcconfig"; sourceTree = "<group>"; };
		E763249E5B8FC2C9516A2CF8 /* Pods-TrendRoadChartsSampleTests.debug.xcconfig */ = {isa = PBXFileReference; includeInIndex = 1; lastKnownFileType = text.xcconfig; name = "Pods-TrendRoadChartsSampleTests.debug.xcconfig"; path = "Pods/Target Support Files/Pods-TrendRoadChartsSampleTests/Pods-TrendRoadChartsSampleTests.debug.xcconfig"; sourceTree = "<group>"; };
		EA5A3D5222028F8D0093B886 /* DNSPageContentView.swift */ = {isa = PBXFileReference; fileEncoding = 4; lastKnownFileType = sourcecode.swift; path = DNSPageContentView.swift; sourceTree = "<group>"; };
		EA5A3D5322028F8D0093B886 /* DNSPageHelper.swift */ = {isa = PBXFileReference; fileEncoding = 4; lastKnownFileType = sourcecode.swift; path = DNSPageHelper.swift; sourceTree = "<group>"; };
		EA5A3D5422028F8D0093B886 /* DNSPageView.h */ = {isa = PBXFileReference; fileEncoding = 4; lastKnownFileType = sourcecode.c.h; path = DNSPageView.h; sourceTree = "<group>"; };
		EA5A3D5522028F8D0093B886 /* DNSPageView.swift */ = {isa = PBXFileReference; fileEncoding = 4; lastKnownFileType = sourcecode.swift; path = DNSPageView.swift; sourceTree = "<group>"; };
		EA5A3D5622028F8D0093B886 /* DNSPageTitleView.swift */ = {isa = PBXFileReference; fileEncoding = 4; lastKnownFileType = sourcecode.swift; path = DNSPageTitleView.swift; sourceTree = "<group>"; };
		EA5A3D5722028F8D0093B886 /* DNSPageViewManager.swift */ = {isa = PBXFileReference; fileEncoding = 4; lastKnownFileType = sourcecode.swift; path = DNSPageViewManager.swift; sourceTree = "<group>"; };
		EA5A3D5822028F8D0093B886 /* DNSPageCollectionViewFlowLayout.swift */ = {isa = PBXFileReference; fileEncoding = 4; lastKnownFileType = sourcecode.swift; path = DNSPageCollectionViewFlowLayout.swift; sourceTree = "<group>"; };
		EA5A3D5922028F8D0093B886 /* DNSPageStyle.swift */ = {isa = PBXFileReference; fileEncoding = 4; lastKnownFileType = sourcecode.swift; path = DNSPageStyle.swift; sourceTree = "<group>"; };
		EA5A3D5A22028F8D0093B886 /* Info.plist */ = {isa = PBXFileReference; fileEncoding = 4; lastKnownFileType = text.plist.xml; path = Info.plist; sourceTree = "<group>"; };
		EA5A3D63220290250093B886 /* UIColor+LFTool.swift */ = {isa = PBXFileReference; lastKnownFileType = sourcecode.swift; path = "UIColor+LFTool.swift"; sourceTree = "<group>"; };
		EA5A3D662202B2D60093B886 /* OpenResultViewController.swift */ = {isa = PBXFileReference; lastKnownFileType = sourcecode.swift; path = OpenResultViewController.swift; sourceTree = "<group>"; };
		EA5A3D682202B30C0093B886 /* LFColdHotViewController.swift */ = {isa = PBXFileReference; lastKnownFileType = sourcecode.swift; path = LFColdHotViewController.swift; sourceTree = "<group>"; };
		EA5A3D6A2202C2FF0093B886 /* TwoColorOpenTableViewCell.swift */ = {isa = PBXFileReference; lastKnownFileType = sourcecode.swift; path = TwoColorOpenTableViewCell.swift; sourceTree = "<group>"; };
		EA5A3D6B2202C2FF0093B886 /* TwoColorOpenTableViewCell.xib */ = {isa = PBXFileReference; lastKnownFileType = file.xib; path = TwoColorOpenTableViewCell.xib; sourceTree = "<group>"; };
		EA5A3D6E2202D0E10093B886 /* LFTrendNumLayout.swift */ = {isa = PBXFileReference; lastKnownFileType = sourcecode.swift; path = LFTrendNumLayout.swift; sourceTree = "<group>"; };
		EA5A3D702202D21F0093B886 /* LFNumTrendIssuseTableViewCell.swift */ = {isa = PBXFileReference; lastKnownFileType = sourcecode.swift; path = LFNumTrendIssuseTableViewCell.swift; sourceTree = "<group>"; };
		EA5A3D712202D21F0093B886 /* LFNumTrendIssuseTableViewCell.xib */ = {isa = PBXFileReference; lastKnownFileType = file.xib; path = LFNumTrendIssuseTableViewCell.xib; sourceTree = "<group>"; };
		EA5A3D742202D8650093B886 /* LFTrendNumItemCollectionViewCell.swift */ = {isa = PBXFileReference; lastKnownFileType = sourcecode.swift; path = LFTrendNumItemCollectionViewCell.swift; sourceTree = "<group>"; };
		EA5A3D762204271F0093B886 /* LFOmiItemFrameModel.swift */ = {isa = PBXFileReference; lastKnownFileType = sourcecode.swift; path = LFOmiItemFrameModel.swift; sourceTree = "<group>"; };
		EA5A3D7822056D200093B886 /* LFTrendDrawLineModel.swift */ = {isa = PBXFileReference; lastKnownFileType = sourcecode.swift; path = LFTrendDrawLineModel.swift; sourceTree = "<group>"; };
		EA78696022002ECB003AC4CF /* TrendRoadChartsSample.app */ = {isa = PBXFileReference; explicitFileType = wrapper.application; includeInIndex = 0; path = TrendRoadChartsSample.app; sourceTree = BUILT_PRODUCTS_DIR; };
		EA78696322002ECB003AC4CF /* AppDelegate.swift */ = {isa = PBXFileReference; lastKnownFileType = sourcecode.swift; path = AppDelegate.swift; sourceTree = "<group>"; };
		EA78696522002ECB003AC4CF /* ViewController.swift */ = {isa = PBXFileReference; lastKnownFileType = sourcecode.swift; path = ViewController.swift; sourceTree = "<group>"; };
		EA78696822002ECB003AC4CF /* Base */ = {isa = PBXFileReference; lastKnownFileType = file.storyboard; name = Base; path = Base.lproj/Main.storyboard; sourceTree = "<group>"; };
		EA78696A22002ECC003AC4CF /* Assets.xcassets */ = {isa = PBXFileReference; lastKnownFileType = folder.assetcatalog; path = Assets.xcassets; sourceTree = "<group>"; };
		EA78696D22002ECC003AC4CF /* Base */ = {isa = PBXFileReference; lastKnownFileType = file.storyboard; name = Base; path = Base.lproj/LaunchScreen.storyboard; sourceTree = "<group>"; };
		EA78696F22002ECC003AC4CF /* Info.plist */ = {isa = PBXFileReference; lastKnownFileType = text.plist.xml; path = Info.plist; sourceTree = "<group>"; };
		EA78697422002ECC003AC4CF /* TrendRoadChartsSampleTests.xctest */ = {isa = PBXFileReference; explicitFileType = wrapper.cfbundle; includeInIndex = 0; path = TrendRoadChartsSampleTests.xctest; sourceTree = BUILT_PRODUCTS_DIR; };
		EA78697822002ECC003AC4CF /* TrendRoadChartsSampleTests.swift */ = {isa = PBXFileReference; lastKnownFileType = sourcecode.swift; path = TrendRoadChartsSampleTests.swift; sourceTree = "<group>"; };
		EA78697A22002ECC003AC4CF /* Info.plist */ = {isa = PBXFileReference; lastKnownFileType = text.plist.xml; path = Info.plist; sourceTree = "<group>"; };
		EA78697F22002ECC003AC4CF /* TrendRoadChartsSampleUITests.xctest */ = {isa = PBXFileReference; explicitFileType = wrapper.cfbundle; includeInIndex = 0; path = TrendRoadChartsSampleUITests.xctest; sourceTree = BUILT_PRODUCTS_DIR; };
		EA78698322002ECC003AC4CF /* TrendRoadChartsSampleUITests.swift */ = {isa = PBXFileReference; lastKnownFileType = sourcecode.swift; path = TrendRoadChartsSampleUITests.swift; sourceTree = "<group>"; };
		EA78698522002ECC003AC4CF /* Info.plist */ = {isa = PBXFileReference; lastKnownFileType = text.plist.xml; path = Info.plist; sourceTree = "<group>"; };
		EA786994220030A1003AC4CF /* LFTrendCalculate.swift */ = {isa = PBXFileReference; lastKnownFileType = sourcecode.swift; path = LFTrendCalculate.swift; sourceTree = "<group>"; };
		EA786996220030E7003AC4CF /* LFLogTool.swift */ = {isa = PBXFileReference; lastKnownFileType = sourcecode.swift; path = LFLogTool.swift; sourceTree = "<group>"; };
		EA78699922003697003AC4CF /* LFURLProtocol.swift */ = {isa = PBXFileReference; lastKnownFileType = sourcecode.swift; path = LFURLProtocol.swift; sourceTree = "<group>"; };
		EA9C41812216CD1900B47822 /* LFRoadInputParamModel.swift */ = {isa = PBXFileReference; lastKnownFileType = sourcecode.swift; path = LFRoadInputParamModel.swift; sourceTree = "<group>"; };
		EA9C41832216CD4000B47822 /* LFRoadOutputParamModel.swift */ = {isa = PBXFileReference; lastKnownFileType = sourcecode.swift; path = LFRoadOutputParamModel.swift; sourceTree = "<group>"; };
		EA9C41852216CFF900B47822 /* LFRoadCalculateTool.swift */ = {isa = PBXFileReference; lastKnownFileType = sourcecode.swift; path = LFRoadCalculateTool.swift; sourceTree = "<group>"; };
		EA9C41872217B92700B47822 /* LFRoadChartView.swift */ = {isa = PBXFileReference; lastKnownFileType = sourcecode.swift; path = LFRoadChartView.swift; sourceTree = "<group>"; };
		EA9C41892217B95300B47822 /* LFRoadChartNumLayout.swift */ = {isa = PBXFileReference; lastKnownFileType = sourcecode.swift; path = LFRoadChartNumLayout.swift; sourceTree = "<group>"; };
		EA9C418B2217B97F00B47822 /* LFRoadChartCollectionViewCell.swift */ = {isa = PBXFileReference; lastKnownFileType = sourcecode.swift; path = LFRoadChartCollectionViewCell.swift; sourceTree = "<group>"; };
		EA9C418D2217B9B300B47822 /* LFRoadAskTipView.swift */ = {isa = PBXFileReference; lastKnownFileType = sourcecode.swift; path = LFRoadAskTipView.swift; sourceTree = "<group>"; };
		EA9C418F2217F3CC00B47822 /* LFDrawTool.swift */ = {isa = PBXFileReference; lastKnownFileType = sourcecode.swift; path = LFDrawTool.swift; sourceTree = "<group>"; };
		EA9C419222181F8E00B47822 /* LFAskRoad1ViewController.swift */ = {isa = PBXFileReference; lastKnownFileType = sourcecode.swift; path = LFAskRoad1ViewController.swift; sourceTree = "<group>"; };
		EA9C419422181FE000B47822 /* LFAskRoadTypeListViewController.swift */ = {isa = PBXFileReference; lastKnownFileType = sourcecode.swift; path = LFAskRoadTypeListViewController.swift; sourceTree = "<group>"; };
		EA9C41962218256000B47822 /* LFAskRoadViewController.swift */ = {isa = PBXFileReference; lastKnownFileType = sourcecode.swift; path = LFAskRoadViewController.swift; sourceTree = "<group>"; };
		EA9C419822182A7000B47822 /* UIView+LFRect.swift */ = {isa = PBXFileReference; lastKnownFileType = sourcecode.swift; path = "UIView+LFRect.swift"; sourceTree = "<group>"; };
		EA9C419A221832FF00B47822 /* LFAskRoadCategoryModel.swift */ = {isa = PBXFileReference; lastKnownFileType = sourcecode.swift; path = LFAskRoadCategoryModel.swift; sourceTree = "<group>"; };
		EA9C419C221A8D2B00B47822 /* Macros.swift */ = {isa = PBXFileReference; lastKnownFileType = sourcecode.swift; path = Macros.swift; sourceTree = "<group>"; };
		EA9C41A0221A9DED00B47822 /* DropListCenterTableViewCell.swift */ = {isa = PBXFileReference; fileEncoding = 4; lastKnownFileType = sourcecode.swift; path = DropListCenterTableViewCell.swift; sourceTree = "<group>"; };
		EA9C41A1221A9DED00B47822 /* DropListView.swift */ = {isa = PBXFileReference; fileEncoding = 4; lastKnownFileType = sourcecode.swift; path = DropListView.swift; sourceTree = "<group>"; };
		EA9C41A2221A9DED00B47822 /* DropCellConfigure.swift */ = {isa = PBXFileReference; fileEncoding = 4; lastKnownFileType = sourcecode.swift; path = DropCellConfigure.swift; sourceTree = "<group>"; };
		EACD3171220185B6003DEA9C /* LFTrendInputParamModel.swift */ = {isa = PBXFileReference; lastKnownFileType = sourcecode.swift; path = LFTrendInputParamModel.swift; sourceTree = "<group>"; };
		EACD317322019EC0003DEA9C /* Array+LFTool.swift */ = {isa = PBXFileReference; lastKnownFileType = sourcecode.swift; path = "Array+LFTool.swift"; sourceTree = "<group>"; };
		EACD31762201B2C3003DEA9C /* LFNumTrendViewController.swift */ = {isa = PBXFileReference; lastKnownFileType = sourcecode.swift; path = LFNumTrendViewController.swift; sourceTree = "<group>"; };
		EACD31782201B308003DEA9C /* TrendViewController.swift */ = {isa = PBXFileReference; lastKnownFileType = sourcecode.swift; path = TrendViewController.swift; sourceTree = "<group>"; };
/* End PBXFileReference section */

/* Begin PBXFrameworksBuildPhase section */
		EA78695D22002ECB003AC4CF /* Frameworks */ = {
			isa = PBXFrameworksBuildPhase;
			buildActionMask = 2147483647;
			files = (
				AF90D4DB53F95A343928CF2E /* Pods_TrendRoadChartsSample.framework in Frameworks */,
			);
			runOnlyForDeploymentPostprocessing = 0;
		};
		EA78697122002ECC003AC4CF /* Frameworks */ = {
			isa = PBXFrameworksBuildPhase;
			buildActionMask = 2147483647;
			files = (
				28F5F9BB2AEC1B78FA528D36 /* Pods_TrendRoadChartsSampleTests.framework in Frameworks */,
			);
			runOnlyForDeploymentPostprocessing = 0;
		};
		EA78697C22002ECC003AC4CF /* Frameworks */ = {
			isa = PBXFrameworksBuildPhase;
			buildActionMask = 2147483647;
			files = (
				A335501533996BC574D3DFAC /* Pods_TrendRoadChartsSampleUITests.framework in Frameworks */,
			);
			runOnlyForDeploymentPostprocessing = 0;
		};
/* End PBXFrameworksBuildPhase section */

/* Begin PBXGroup section */
		ADE3C087DD18C40290D721B2 /* Frameworks */ = {
			isa = PBXGroup;
			children = (
				A33D56CAA1F0CB23C0BB0C11 /* Pods_TrendRoadChartsSample.framework */,
				C72B45FEA46EA271C8434472 /* Pods_TrendRoadChartsSampleTests.framework */,
				02CD13907EF01EB0C99B8E56 /* Pods_TrendRoadChartsSampleUITests.framework */,
			);
			name = Frameworks;
			sourceTree = "<group>";
		};
		D5DBB8920744E21D311F4E79 /* Pods */ = {
			isa = PBXGroup;
			children = (
				B3E93556CE381833D4B2C90F /* Pods-TrendRoadChartsSample.debug.xcconfig */,
				9EAA561B4A9CDD8EA253F26C /* Pods-TrendRoadChartsSample.release.xcconfig */,
				E763249E5B8FC2C9516A2CF8 /* Pods-TrendRoadChartsSampleTests.debug.xcconfig */,
				107A34E25F63F5E7D602886A /* Pods-TrendRoadChartsSampleTests.release.xcconfig */,
				541F7CEC90884E1A08451AE5 /* Pods-TrendRoadChartsSampleUITests.debug.xcconfig */,
				D620592FE6473A5E6F2E706B /* Pods-TrendRoadChartsSampleUITests.release.xcconfig */,
			);
			name = Pods;
			sourceTree = "<group>";
		};
		EA5A3D5022028F5C0093B886 /* Vendar */ = {
			isa = PBXGroup;
			children = (
				EA9C419F221A9DED00B47822 /* DropListView */,
				EA5A3D5122028F8D0093B886 /* DNSPageView */,
			);
			path = Vendar;
			sourceTree = "<group>";
		};
		EA5A3D5122028F8D0093B886 /* DNSPageView */ = {
			isa = PBXGroup;
			children = (
				EA5A3D5222028F8D0093B886 /* DNSPageContentView.swift */,
				EA5A3D5322028F8D0093B886 /* DNSPageHelper.swift */,
				EA5A3D5422028F8D0093B886 /* DNSPageView.h */,
				EA5A3D5522028F8D0093B886 /* DNSPageView.swift */,
				EA5A3D5622028F8D0093B886 /* DNSPageTitleView.swift */,
				EA5A3D5722028F8D0093B886 /* DNSPageViewManager.swift */,
				EA5A3D5822028F8D0093B886 /* DNSPageCollectionViewFlowLayout.swift */,
				EA5A3D5922028F8D0093B886 /* DNSPageStyle.swift */,
				EA5A3D5A22028F8D0093B886 /* Info.plist */,
			);
			path = DNSPageView;
			sourceTree = "<group>";
		};
		EA5A3D652202B2A90093B886 /* Trend */ = {
			isa = PBXGroup;
			children = (
				EACD31782201B308003DEA9C /* TrendViewController.swift */,
				EA5A3D662202B2D60093B886 /* OpenResultViewController.swift */,
				EA5A3D6A2202C2FF0093B886 /* TwoColorOpenTableViewCell.swift */,
				EA5A3D6B2202C2FF0093B886 /* TwoColorOpenTableViewCell.xib */,
			);
			path = Trend;
			sourceTree = "<group>";
		};
		EA78695722002ECB003AC4CF = {
			isa = PBXGroup;
			children = (
				EA7869912200300C003AC4CF /* TrendRoadCharts */,
				EA78696222002ECB003AC4CF /* TrendRoadChartsSample */,
				EA78697722002ECC003AC4CF /* TrendRoadChartsSampleTests */,
				EA78698222002ECC003AC4CF /* TrendRoadChartsSampleUITests */,
				EA78696122002ECB003AC4CF /* Products */,
				D5DBB8920744E21D311F4E79 /* Pods */,
				ADE3C087DD18C40290D721B2 /* Frameworks */,
			);
			sourceTree = "<group>";
		};
		EA78696122002ECB003AC4CF /* Products */ = {
			isa = PBXGroup;
			children = (
				EA78696022002ECB003AC4CF /* TrendRoadChartsSample.app */,
				EA78697422002ECC003AC4CF /* TrendRoadChartsSampleTests.xctest */,
				EA78697F22002ECC003AC4CF /* TrendRoadChartsSampleUITests.xctest */,
			);
			name = Products;
			sourceTree = "<group>";
		};
		EA78696222002ECB003AC4CF /* TrendRoadChartsSample */ = {
			isa = PBXGroup;
			children = (
				EA9C419122181F6D00B47822 /* AskRoad */,
				EA5A3D652202B2A90093B886 /* Trend */,
				EA5A3D5022028F5C0093B886 /* Vendar */,
				EA78699B22003A65003AC4CF /* DataCenter */,
				EA78696322002ECB003AC4CF /* AppDelegate.swift */,
				EA78696522002ECB003AC4CF /* ViewController.swift */,
				EA78696722002ECB003AC4CF /* Main.storyboard */,
				EA78696A22002ECC003AC4CF /* Assets.xcassets */,
				EA78696C22002ECC003AC4CF /* LaunchScreen.storyboard */,
				EA78696F22002ECC003AC4CF /* Info.plist */,
				EA9C419C221A8D2B00B47822 /* Macros.swift */,
			);
			path = TrendRoadChartsSample;
			sourceTree = "<group>";
		};
		EA78697722002ECC003AC4CF /* TrendRoadChartsSampleTests */ = {
			isa = PBXGroup;
			children = (
				EA78697822002ECC003AC4CF /* TrendRoadChartsSampleTests.swift */,
				EA78697A22002ECC003AC4CF /* Info.plist */,
			);
			path = TrendRoadChartsSampleTests;
			sourceTree = "<group>";
		};
		EA78698222002ECC003AC4CF /* TrendRoadChartsSampleUITests */ = {
			isa = PBXGroup;
			children = (
				EA78698322002ECC003AC4CF /* TrendRoadChartsSampleUITests.swift */,
				EA78698522002ECC003AC4CF /* Info.plist */,
			);
			path = TrendRoadChartsSampleUITests;
			sourceTree = "<group>";
		};
		EA7869912200300C003AC4CF /* TrendRoadCharts */ = {
			isa = PBXGroup;
			children = (
				EA9C417E2216BC7B00B47822 /* RoadChart */,
				EA9C417D2216BC6300B47822 /* TrendChart */,
				EA78699322003058003AC4CF /* Tool */,
			);
			name = TrendRoadCharts;
			path = ../TrendRoadCharts;
			sourceTree = "<group>";
		};
		EA7869922200304F003AC4CF /* Core */ = {
			isa = PBXGroup;
			children = (
				EA786994220030A1003AC4CF /* LFTrendCalculate.swift */,
				EACD3171220185B6003DEA9C /* LFTrendInputParamModel.swift */,
			);
			path = Core;
			sourceTree = "<group>";
		};
		EA78699322003058003AC4CF /* Tool */ = {
			isa = PBXGroup;
			children = (
				EA786996220030E7003AC4CF /* LFLogTool.swift */,
				EACD317322019EC0003DEA9C /* Array+LFTool.swift */,
				EA5A3D63220290250093B886 /* UIColor+LFTool.swift */,
				EA9C419822182A7000B47822 /* UIView+LFRect.swift */,
			);
			path = Tool;
			sourceTree = "<group>";
		};
		EA7869982200314E003AC4CF /* Views */ = {
			isa = PBXGroup;
			children = (
				EACD31762201B2C3003DEA9C /* LFNumTrendViewController.swift */,
				EA5A3D682202B30C0093B886 /* LFColdHotViewController.swift */,
				EA5A3D6E2202D0E10093B886 /* LFTrendNumLayout.swift */,
				EA5A3D702202D21F0093B886 /* LFNumTrendIssuseTableViewCell.swift */,
				EA5A3D712202D21F0093B886 /* LFNumTrendIssuseTableViewCell.xib */,
				EA5A3D742202D8650093B886 /* LFTrendNumItemCollectionViewCell.swift */,
				EA5A3D762204271F0093B886 /* LFOmiItemFrameModel.swift */,
				EA5A3D7822056D200093B886 /* LFTrendDrawLineModel.swift */,
			);
			path = Views;
			sourceTree = "<group>";
		};
		EA78699B22003A65003AC4CF /* DataCenter */ = {
			isa = PBXGroup;
			children = (
				EA78699922003697003AC4CF /* LFURLProtocol.swift */,
			);
			path = DataCenter;
			sourceTree = "<group>";
		};
		EA9C417D2216BC6300B47822 /* TrendChart */ = {
			isa = PBXGroup;
			children = (
				EA7869922200304F003AC4CF /* Core */,
				EA7869982200314E003AC4CF /* Views */,
			);
			path = TrendChart;
			sourceTree = "<group>";
		};
		EA9C417E2216BC7B00B47822 /* RoadChart */ = {
			isa = PBXGroup;
			children = (
				EA9C417F2216BD0D00B47822 /* Core */,
				EA9C41802216BD1E00B47822 /* Views */,
			);
			path = RoadChart;
			sourceTree = "<group>";
		};
		EA9C417F2216BD0D00B47822 /* Core */ = {
			isa = PBXGroup;
			children = (
				EA9C41812216CD1900B47822 /* LFRoadInputParamModel.swift */,
				EA9C41832216CD4000B47822 /* LFRoadOutputParamModel.swift */,
				EA9C41852216CFF900B47822 /* LFRoadCalculateTool.swift */,
			);
			path = Core;
			sourceTree = "<group>";
		};
		EA9C41802216BD1E00B47822 /* Views */ = {
			isa = PBXGroup;
			children = (
				EA9C41872217B92700B47822 /* LFRoadChartView.swift */,
				EA9C41892217B95300B47822 /* LFRoadChartNumLayout.swift */,
				EA9C418B2217B97F00B47822 /* LFRoadChartCollectionViewCell.swift */,
				EA9C418D2217B9B300B47822 /* LFRoadAskTipView.swift */,
				EA9C418F2217F3CC00B47822 /* LFDrawTool.swift */,
			);
			path = Views;
			sourceTree = "<group>";
		};
		EA9C419122181F6D00B47822 /* AskRoad */ = {
			isa = PBXGroup;
			children = (
				EA9C419422181FE000B47822 /* LFAskRoadTypeListViewController.swift */,
				EA9C41962218256000B47822 /* LFAskRoadViewController.swift */,
				EA9C419222181F8E00B47822 /* LFAskRoad1ViewController.swift */,
				EA9C419A221832FF00B47822 /* LFAskRoadCategoryModel.swift */,
			);
			path = AskRoad;
			sourceTree = "<group>";
		};
		EA9C419F221A9DED00B47822 /* DropListView */ = {
			isa = PBXGroup;
			children = (
				EA9C41A0221A9DED00B47822 /* DropListCenterTableViewCell.swift */,
				EA9C41A1221A9DED00B47822 /* DropListView.swift */,
				EA9C41A2221A9DED00B47822 /* DropCellConfigure.swift */,
			);
			path = DropListView;
			sourceTree = "<group>";
		};
/* End PBXGroup section */

/* Begin PBXNativeTarget section */
		EA78695F22002ECB003AC4CF /* TrendRoadChartsSample */ = {
			isa = PBXNativeTarget;
			buildConfigurationList = EA78698822002ECC003AC4CF /* Build configuration list for PBXNativeTarget "TrendRoadChartsSample" */;
			buildPhases = (
				53CC0C48C5B734A61ED50BC4 /* [CP] Check Pods Manifest.lock */,
				EA78695C22002ECB003AC4CF /* Sources */,
				EA78695D22002ECB003AC4CF /* Frameworks */,
				EA78695E22002ECB003AC4CF /* Resources */,
				F9E42CB5389FBA505999C9CF /* [CP] Embed Pods Frameworks */,
			);
			buildRules = (
			);
			dependencies = (
			);
			name = TrendRoadChartsSample;
			productName = TrendRoadChartsSample;
			productReference = EA78696022002ECB003AC4CF /* TrendRoadChartsSample.app */;
			productType = "com.apple.product-type.application";
		};
		EA78697322002ECC003AC4CF /* TrendRoadChartsSampleTests */ = {
			isa = PBXNativeTarget;
			buildConfigurationList = EA78698B22002ECC003AC4CF /* Build configuration list for PBXNativeTarget "TrendRoadChartsSampleTests" */;
			buildPhases = (
				1445EA2CA18AB12BC604B387 /* [CP] Check Pods Manifest.lock */,
				EA78697022002ECC003AC4CF /* Sources */,
				EA78697122002ECC003AC4CF /* Frameworks */,
				EA78697222002ECC003AC4CF /* Resources */,
			);
			buildRules = (
			);
			dependencies = (
				EA78697622002ECC003AC4CF /* PBXTargetDependency */,
			);
			name = TrendRoadChartsSampleTests;
			productName = TrendRoadChartsSampleTests;
			productReference = EA78697422002ECC003AC4CF /* TrendRoadChartsSampleTests.xctest */;
			productType = "com.apple.product-type.bundle.unit-test";
		};
		EA78697E22002ECC003AC4CF /* TrendRoadChartsSampleUITests */ = {
			isa = PBXNativeTarget;
			buildConfigurationList = EA78698E22002ECC003AC4CF /* Build configuration list for PBXNativeTarget "TrendRoadChartsSampleUITests" */;
			buildPhases = (
				A2733515D2DA6A3464C871F7 /* [CP] Check Pods Manifest.lock */,
				EA78697B22002ECC003AC4CF /* Sources */,
				EA78697C22002ECC003AC4CF /* Frameworks */,
				EA78697D22002ECC003AC4CF /* Resources */,
			);
			buildRules = (
			);
			dependencies = (
				EA78698122002ECC003AC4CF /* PBXTargetDependency */,
			);
			name = TrendRoadChartsSampleUITests;
			productName = TrendRoadChartsSampleUITests;
			productReference = EA78697F22002ECC003AC4CF /* TrendRoadChartsSampleUITests.xctest */;
			productType = "com.apple.product-type.bundle.ui-testing";
		};
/* End PBXNativeTarget section */

/* Begin PBXProject section */
		EA78695822002ECB003AC4CF /* Project object */ = {
			isa = PBXProject;
			attributes = {
				LastSwiftUpdateCheck = 0940;
				LastUpgradeCheck = 0940;
				ORGANIZATIONNAME = "Lonely traveller";
				TargetAttributes = {
					EA78695F22002ECB003AC4CF = {
						CreatedOnToolsVersion = 9.4.1;
					};
					EA78697322002ECC003AC4CF = {
						CreatedOnToolsVersion = 9.4.1;
						TestTargetID = EA78695F22002ECB003AC4CF;
					};
					EA78697E22002ECC003AC4CF = {
						CreatedOnToolsVersion = 9.4.1;
						TestTargetID = EA78695F22002ECB003AC4CF;
					};
				};
			};
			buildConfigurationList = EA78695B22002ECB003AC4CF /* Build configuration list for PBXProject "TrendRoadChartsSample" */;
			compatibilityVersion = "Xcode 9.3";
			developmentRegion = en;
			hasScannedForEncodings = 0;
			knownRegions = (
				en,
				Base,
			);
			mainGroup = EA78695722002ECB003AC4CF;
			productRefGroup = EA78696122002ECB003AC4CF /* Products */;
			projectDirPath = "";
			projectRoot = "";
			targets = (
				EA78695F22002ECB003AC4CF /* TrendRoadChartsSample */,
				EA78697322002ECC003AC4CF /* TrendRoadChartsSampleTests */,
				EA78697E22002ECC003AC4CF /* TrendRoadChartsSampleUITests */,
			);
		};
/* End PBXProject section */

/* Begin PBXResourcesBuildPhase section */
		EA78695E22002ECB003AC4CF /* Resources */ = {
			isa = PBXResourcesBuildPhase;
			buildActionMask = 2147483647;
			files = (
				EA5A3D6D2202C2FF0093B886 /* TwoColorOpenTableViewCell.xib in Resources */,
				EA78696E22002ECC003AC4CF /* LaunchScreen.storyboard in Resources */,
				EA78696B22002ECC003AC4CF /* Assets.xcassets in Resources */,
				EA78696922002ECB003AC4CF /* Main.storyboard in Resources */,
				EA5A3D732202D21F0093B886 /* LFNumTrendIssuseTableViewCell.xib in Resources */,
			);
			runOnlyForDeploymentPostprocessing = 0;
		};
		EA78697222002ECC003AC4CF /* Resources */ = {
			isa = PBXResourcesBuildPhase;
			buildActionMask = 2147483647;
			files = (
			);
			runOnlyForDeploymentPostprocessing = 0;
		};
		EA78697D22002ECC003AC4CF /* Resources */ = {
			isa = PBXResourcesBuildPhase;
			buildActionMask = 2147483647;
			files = (
			);
			runOnlyForDeploymentPostprocessing = 0;
		};
/* End PBXResourcesBuildPhase section */

/* Begin PBXShellScriptBuildPhase section */
		1445EA2CA18AB12BC604B387 /* [CP] Check Pods Manifest.lock */ = {
			isa = PBXShellScriptBuildPhase;
			buildActionMask = 2147483647;
			files = (
			);
			inputPaths = (
				"${PODS_PODFILE_DIR_PATH}/Podfile.lock",
				"${PODS_ROOT}/Manifest.lock",
			);
			name = "[CP] Check Pods Manifest.lock";
			outputPaths = (
				"$(DERIVED_FILE_DIR)/Pods-TrendRoadChartsSampleTests-checkManifestLockResult.txt",
			);
			runOnlyForDeploymentPostprocessing = 0;
			shellPath = /bin/sh;
			shellScript = "diff \"${PODS_PODFILE_DIR_PATH}/Podfile.lock\" \"${PODS_ROOT}/Manifest.lock\" > /dev/null\nif [ $? != 0 ] ; then\n    # print error to STDERR\n    echo \"error: The sandbox is not in sync with the Podfile.lock. Run 'pod install' or update your CocoaPods installation.\" >&2\n    exit 1\nfi\n# This output is used by Xcode 'outputs' to avoid re-running this script phase.\necho \"SUCCESS\" > \"${SCRIPT_OUTPUT_FILE_0}\"\n";
			showEnvVarsInLog = 0;
		};
		53CC0C48C5B734A61ED50BC4 /* [CP] Check Pods Manifest.lock */ = {
			isa = PBXShellScriptBuildPhase;
			buildActionMask = 2147483647;
			files = (
			);
			inputPaths = (
				"${PODS_PODFILE_DIR_PATH}/Podfile.lock",
				"${PODS_ROOT}/Manifest.lock",
			);
			name = "[CP] Check Pods Manifest.lock";
			outputPaths = (
				"$(DERIVED_FILE_DIR)/Pods-TrendRoadChartsSample-checkManifestLockResult.txt",
			);
			runOnlyForDeploymentPostprocessing = 0;
			shellPath = /bin/sh;
			shellScript = "diff \"${PODS_PODFILE_DIR_PATH}/Podfile.lock\" \"${PODS_ROOT}/Manifest.lock\" > /dev/null\nif [ $? != 0 ] ; then\n    # print error to STDERR\n    echo \"error: The sandbox is not in sync with the Podfile.lock. Run 'pod install' or update your CocoaPods installation.\" >&2\n    exit 1\nfi\n# This output is used by Xcode 'outputs' to avoid re-running this script phase.\necho \"SUCCESS\" > \"${SCRIPT_OUTPUT_FILE_0}\"\n";
			showEnvVarsInLog = 0;
		};
		A2733515D2DA6A3464C871F7 /* [CP] Check Pods Manifest.lock */ = {
			isa = PBXShellScriptBuildPhase;
			buildActionMask = 2147483647;
			files = (
			);
			inputPaths = (
				"${PODS_PODFILE_DIR_PATH}/Podfile.lock",
				"${PODS_ROOT}/Manifest.lock",
			);
			name = "[CP] Check Pods Manifest.lock";
			outputPaths = (
				"$(DERIVED_FILE_DIR)/Pods-TrendRoadChartsSampleUITests-checkManifestLockResult.txt",
			);
			runOnlyForDeploymentPostprocessing = 0;
			shellPath = /bin/sh;
			shellScript = "diff \"${PODS_PODFILE_DIR_PATH}/Podfile.lock\" \"${PODS_ROOT}/Manifest.lock\" > /dev/null\nif [ $? != 0 ] ; then\n    # print error to STDERR\n    echo \"error: The sandbox is not in sync with the Podfile.lock. Run 'pod install' or update your CocoaPods installation.\" >&2\n    exit 1\nfi\n# This output is used by Xcode 'outputs' to avoid re-running this script phase.\necho \"SUCCESS\" > \"${SCRIPT_OUTPUT_FILE_0}\"\n";
			showEnvVarsInLog = 0;
		};
		F9E42CB5389FBA505999C9CF /* [CP] Embed Pods Frameworks */ = {
			isa = PBXShellScriptBuildPhase;
			buildActionMask = 2147483647;
			files = (
			);
			inputPaths = (
				"${SRCROOT}/Pods/Target Support Files/Pods-TrendRoadChartsSample/Pods-TrendRoadChartsSample-frameworks.sh",
				"${BUILT_PRODUCTS_DIR}/Alamofire/Alamofire.framework",
				"${BUILT_PRODUCTS_DIR}/Hue/Hue.framework",
				"${BUILT_PRODUCTS_DIR}/NVActivityIndicatorView/NVActivityIndicatorView.framework",
				"${BUILT_PRODUCTS_DIR}/ObjectMapper/ObjectMapper.framework",
				"${BUILT_PRODUCTS_DIR}/SWXMLHash/SWXMLHash.framework",
				"${BUILT_PRODUCTS_DIR}/SnapKit/SnapKit.framework",
				"${BUILT_PRODUCTS_DIR}/SwiftyJSON/SwiftyJSON.framework",
			);
			name = "[CP] Embed Pods Frameworks";
			outputPaths = (
				"${TARGET_BUILD_DIR}/${FRAMEWORKS_FOLDER_PATH}/Alamofire.framework",
				"${TARGET_BUILD_DIR}/${FRAMEWORKS_FOLDER_PATH}/Hue.framework",
				"${TARGET_BUILD_DIR}/${FRAMEWORKS_FOLDER_PATH}/NVActivityIndicatorView.framework",
				"${TARGET_BUILD_DIR}/${FRAMEWORKS_FOLDER_PATH}/ObjectMapper.framework",
				"${TARGET_BUILD_DIR}/${FRAMEWORKS_FOLDER_PATH}/SWXMLHash.framework",
				"${TARGET_BUILD_DIR}/${FRAMEWORKS_FOLDER_PATH}/SnapKit.framework",
				"${TARGET_BUILD_DIR}/${FRAMEWORKS_FOLDER_PATH}/SwiftyJSON.framework",
			);
			runOnlyForDeploymentPostprocessing = 0;
			shellPath = /bin/sh;
			shellScript = "\"${SRCROOT}/Pods/Target Support Files/Pods-TrendRoadChartsSample/Pods-TrendRoadChartsSample-frameworks.sh\"\n";
			showEnvVarsInLog = 0;
		};
/* End PBXShellScriptBuildPhase section */

/* Begin PBXSourcesBuildPhase section */
		EA78695C22002ECB003AC4CF /* Sources */ = {
			isa = PBXSourcesBuildPhase;
			buildActionMask = 2147483647;
			files = (
				EA5A3D7922056D200093B886 /* LFTrendDrawLineModel.swift in Sources */,
				EA9C41A5221A9DED00B47822 /* DropCellConfigure.swift in Sources */,
				EA5A3D6122028F8D0093B886 /* DNSPageStyle.swift in Sources */,
				EA9C41882217B92700B47822 /* LFRoadChartView.swift in Sources */,
				EA9C41842216CD4000B47822 /* LFRoadOutputParamModel.swift in Sources */,
				EACD31792201B308003DEA9C /* TrendViewController.swift in Sources */,
				EA5A3D5F22028F8D0093B886 /* DNSPageViewManager.swift in Sources */,
				EA9C41902217F3CC00B47822 /* LFDrawTool.swift in Sources */,
				EACD3172220185B6003DEA9C /* LFTrendInputParamModel.swift in Sources */,
				EA5A3D752202D8650093B886 /* LFTrendNumItemCollectionViewCell.swift in Sources */,
				EA5A3D6C2202C2FF0093B886 /* TwoColorOpenTableViewCell.swift in Sources */,
				EA9C418C2217B97F00B47822 /* LFRoadChartCollectionViewCell.swift in Sources */,
				EA5A3D5E22028F8D0093B886 /* DNSPageTitleView.swift in Sources */,
				EA9C419922182A7000B47822 /* UIView+LFRect.swift in Sources */,
				EA786997220030E7003AC4CF /* LFLogTool.swift in Sources */,
				EA9C419522181FE000B47822 /* LFAskRoadTypeListViewController.swift in Sources */,
				EA5A3D5B22028F8D0093B886 /* DNSPageContentView.swift in Sources */,
				EA5A3D64220290250093B886 /* UIColor+LFTool.swift in Sources */,
				EA786995220030A1003AC4CF /* LFTrendCalculate.swift in Sources */,
				EA9C41822216CD1900B47822 /* LFRoadInputParamModel.swift in Sources */,
				EA9C418E2217B9B300B47822 /* LFRoadAskTipView.swift in Sources */,
				EA9C418A2217B95300B47822 /* LFRoadChartNumLayout.swift in Sources */,
				EA5A3D722202D21F0093B886 /* LFNumTrendIssuseTableViewCell.swift in Sources */,
				EA5A3D5D22028F8D0093B886 /* DNSPageView.swift in Sources */,
				EA78699A22003697003AC4CF /* LFURLProtocol.swift in Sources */,
				EA5A3D692202B30C0093B886 /* LFColdHotViewController.swift in Sources */,
				EA9C419B221832FF00B47822 /* LFAskRoadCategoryModel.swift in Sources */,
				EA9C41972218256000B47822 /* LFAskRoadViewController.swift in Sources */,
				EA9C41A3221A9DED00B47822 /* DropListCenterTableViewCell.swift in Sources */,
				EA78696622002ECB003AC4CF /* ViewController.swift in Sources */,
				EA5A3D5C22028F8D0093B886 /* DNSPageHelper.swift in Sources */,
				EA9C41862216CFF900B47822 /* LFRoadCalculateTool.swift in Sources */,
				EA5A3D6022028F8D0093B886 /* DNSPageCollectionViewFlowLayout.swift in Sources */,
				EA78696422002ECB003AC4CF /* AppDelegate.swift in Sources */,
				EA5A3D672202B2D60093B886 /* OpenResultViewController.swift in Sources */,
				EACD317422019EC0003DEA9C /* Array+LFTool.swift in Sources */,
				EA9C41A4221A9DED00B47822 /* DropListView.swift in Sources */,
				EA9C419322181F8E00B47822 /* LFAskRoad1ViewController.swift in Sources */,
				EA5A3D6F2202D0E10093B886 /* LFTrendNumLayout.swift in Sources */,
				EA9C419D221A8D2B00B47822 /* Macros.swift in Sources */,
				EA5A3D772204271F0093B886 /* LFOmiItemFrameModel.swift in Sources */,
				EACD31772201B2C3003DEA9C /* LFNumTrendViewController.swift in Sources */,
			);
			runOnlyForDeploymentPostprocessing = 0;
		};
		EA78697022002ECC003AC4CF /* Sources */ = {
			isa = PBXSourcesBuildPhase;
			buildActionMask = 2147483647;
			files = (
				EA78697922002ECC003AC4CF /* TrendRoadChartsSampleTests.swift in Sources */,
			);
			runOnlyForDeploymentPostprocessing = 0;
		};
		EA78697B22002ECC003AC4CF /* Sources */ = {
			isa = PBXSourcesBuildPhase;
			buildActionMask = 2147483647;
			files = (
				EA78698422002ECC003AC4CF /* TrendRoadChartsSampleUITests.swift in Sources */,
			);
			runOnlyForDeploymentPostprocessing = 0;
		};
/* End PBXSourcesBuildPhase section */

/* Begin PBXTargetDependency section */
		EA78697622002ECC003AC4CF /* PBXTargetDependency */ = {
			isa = PBXTargetDependency;
			target = EA78695F22002ECB003AC4CF /* TrendRoadChartsSample */;
			targetProxy = EA78697522002ECC003AC4CF /* PBXContainerItemProxy */;
		};
		EA78698122002ECC003AC4CF /* PBXTargetDependency */ = {
			isa = PBXTargetDependency;
			target = EA78695F22002ECB003AC4CF /* TrendRoadChartsSample */;
			targetProxy = EA78698022002ECC003AC4CF /* PBXContainerItemProxy */;
		};
/* End PBXTargetDependency section */

/* Begin PBXVariantGroup section */
		EA78696722002ECB003AC4CF /* Main.storyboard */ = {
			isa = PBXVariantGroup;
			children = (
				EA78696822002ECB003AC4CF /* Base */,
			);
			name = Main.storyboard;
			sourceTree = "<group>";
		};
		EA78696C22002ECC003AC4CF /* LaunchScreen.storyboard */ = {
			isa = PBXVariantGroup;
			children = (
				EA78696D22002ECC003AC4CF /* Base */,
			);
			name = LaunchScreen.storyboard;
			sourceTree = "<group>";
		};
/* End PBXVariantGroup section */

/* Begin XCBuildConfiguration section */
		EA78698622002ECC003AC4CF /* Debug */ = {
			isa = XCBuildConfiguration;
			buildSettings = {
				ALWAYS_SEARCH_USER_PATHS = NO;
				CLANG_ANALYZER_NONNULL = YES;
				CLANG_ANALYZER_NUMBER_OBJECT_CONVERSION = YES_AGGRESSIVE;
				CLANG_CXX_LANGUAGE_STANDARD = "gnu++14";
				CLANG_CXX_LIBRARY = "libc++";
				CLANG_ENABLE_MODULES = YES;
				CLANG_ENABLE_OBJC_ARC = YES;
				CLANG_ENABLE_OBJC_WEAK = YES;
				CLANG_WARN_BLOCK_CAPTURE_AUTORELEASING = YES;
				CLANG_WARN_BOOL_CONVERSION = YES;
				CLANG_WARN_COMMA = YES;
				CLANG_WARN_CONSTANT_CONVERSION = YES;
				CLANG_WARN_DEPRECATED_OBJC_IMPLEMENTATIONS = YES;
				CLANG_WARN_DIRECT_OBJC_ISA_USAGE = YES_ERROR;
				CLANG_WARN_DOCUMENTATION_COMMENTS = YES;
				CLANG_WARN_EMPTY_BODY = YES;
				CLANG_WARN_ENUM_CONVERSION = YES;
				CLANG_WARN_INFINITE_RECURSION = YES;
				CLANG_WARN_INT_CONVERSION = YES;
				CLANG_WARN_NON_LITERAL_NULL_CONVERSION = YES;
				CLANG_WARN_OBJC_IMPLICIT_RETAIN_SELF = YES;
				CLANG_WARN_OBJC_LITERAL_CONVERSION = YES;
				CLANG_WARN_OBJC_ROOT_CLASS = YES_ERROR;
				CLANG_WARN_RANGE_LOOP_ANALYSIS = YES;
				CLANG_WARN_STRICT_PROTOTYPES = YES;
				CLANG_WARN_SUSPICIOUS_MOVE = YES;
				CLANG_WARN_UNGUARDED_AVAILABILITY = YES_AGGRESSIVE;
				CLANG_WARN_UNREACHABLE_CODE = YES;
				CLANG_WARN__DUPLICATE_METHOD_MATCH = YES;
				CODE_SIGN_IDENTITY = "iPhone Developer";
				COPY_PHASE_STRIP = NO;
				DEBUG_INFORMATION_FORMAT = dwarf;
				ENABLE_STRICT_OBJC_MSGSEND = YES;
				ENABLE_TESTABILITY = YES;
				GCC_C_LANGUAGE_STANDARD = gnu11;
				GCC_DYNAMIC_NO_PIC = NO;
				GCC_NO_COMMON_BLOCKS = YES;
				GCC_OPTIMIZATION_LEVEL = 0;
				GCC_PREPROCESSOR_DEFINITIONS = (
					"DEBUG=1",
					"$(inherited)",
				);
				GCC_WARN_64_TO_32_BIT_CONVERSION = YES;
				GCC_WARN_ABOUT_RETURN_TYPE = YES_ERROR;
				GCC_WARN_UNDECLARED_SELECTOR = YES;
				GCC_WARN_UNINITIALIZED_AUTOS = YES_AGGRESSIVE;
				GCC_WARN_UNUSED_FUNCTION = YES;
				GCC_WARN_UNUSED_VARIABLE = YES;
				IPHONEOS_DEPLOYMENT_TARGET = 11.4;
				MTL_ENABLE_DEBUG_INFO = YES;
				ONLY_ACTIVE_ARCH = YES;
				SDKROOT = iphoneos;
				SWIFT_ACTIVE_COMPILATION_CONDITIONS = DEBUG;
				SWIFT_OPTIMIZATION_LEVEL = "-Onone";
			};
			name = Debug;
		};
		EA78698722002ECC003AC4CF /* Release */ = {
			isa = XCBuildConfiguration;
			buildSettings = {
				ALWAYS_SEARCH_USER_PATHS = NO;
				CLANG_ANALYZER_NONNULL = YES;
				CLANG_ANALYZER_NUMBER_OBJECT_CONVERSION = YES_AGGRESSIVE;
				CLANG_CXX_LANGUAGE_STANDARD = "gnu++14";
				CLANG_CXX_LIBRARY = "libc++";
				CLANG_ENABLE_MODULES = YES;
				CLANG_ENABLE_OBJC_ARC = YES;
				CLANG_ENABLE_OBJC_WEAK = YES;
				CLANG_WARN_BLOCK_CAPTURE_AUTORELEASING = YES;
				CLANG_WARN_BOOL_CONVERSION = YES;
				CLANG_WARN_COMMA = YES;
				CLANG_WARN_CONSTANT_CONVERSION = YES;
				CLANG_WARN_DEPRECATED_OBJC_IMPLEMENTATIONS = YES;
				CLANG_WARN_DIRECT_OBJC_ISA_USAGE = YES_ERROR;
				CLANG_WARN_DOCUMENTATION_COMMENTS = YES;
				CLANG_WARN_EMPTY_BODY = YES;
				CLANG_WARN_ENUM_CONVERSION = YES;
				CLANG_WARN_INFINITE_RECURSION = YES;
				CLANG_WARN_INT_CONVERSION = YES;
				CLANG_WARN_NON_LITERAL_NULL_CONVERSION = YES;
				CLANG_WARN_OBJC_IMPLICIT_RETAIN_SELF = YES;
				CLANG_WARN_OBJC_LITERAL_CONVERSION = YES;
				CLANG_WARN_OBJC_ROOT_CLASS = YES_ERROR;
				CLANG_WARN_RANGE_LOOP_ANALYSIS = YES;
				CLANG_WARN_STRICT_PROTOTYPES = YES;
				CLANG_WARN_SUSPICIOUS_MOVE = YES;
				CLANG_WARN_UNGUARDED_AVAILABILITY = YES_AGGRESSIVE;
				CLANG_WARN_UNREACHABLE_CODE = YES;
				CLANG_WARN__DUPLICATE_METHOD_MATCH = YES;
				CODE_SIGN_IDENTITY = "iPhone Developer";
				COPY_PHASE_STRIP = NO;
				DEBUG_INFORMATION_FORMAT = "dwarf-with-dsym";
				ENABLE_NS_ASSERTIONS = NO;
				ENABLE_STRICT_OBJC_MSGSEND = YES;
				GCC_C_LANGUAGE_STANDARD = gnu11;
				GCC_NO_COMMON_BLOCKS = YES;
				GCC_WARN_64_TO_32_BIT_CONVERSION = YES;
				GCC_WARN_ABOUT_RETURN_TYPE = YES_ERROR;
				GCC_WARN_UNDECLARED_SELECTOR = YES;
				GCC_WARN_UNINITIALIZED_AUTOS = YES_AGGRESSIVE;
				GCC_WARN_UNUSED_FUNCTION = YES;
				GCC_WARN_UNUSED_VARIABLE = YES;
				IPHONEOS_DEPLOYMENT_TARGET = 11.4;
				MTL_ENABLE_DEBUG_INFO = NO;
				SDKROOT = iphoneos;
				SWIFT_COMPILATION_MODE = wholemodule;
				SWIFT_OPTIMIZATION_LEVEL = "-O";
				VALIDATE_PRODUCT = YES;
			};
			name = Release;
		};
		EA78698922002ECC003AC4CF /* Debug */ = {
			isa = XCBuildConfiguration;
			baseConfigurationReference = B3E93556CE381833D4B2C90F /* Pods-TrendRoadChartsSample.debug.xcconfig */;
			buildSettings = {
				ASSETCATALOG_COMPILER_APPICON_NAME = AppIcon;
				CODE_SIGN_STYLE = Automatic;
				INFOPLIST_FILE = TrendRoadChartsSample/Info.plist;
				LD_RUNPATH_SEARCH_PATHS = (
					"$(inherited)",
					"@executable_path/Frameworks",
				);
				PRODUCT_BUNDLE_IDENTIFIER = com.lonely4flow.TrendRoadChartsSample;
				PRODUCT_NAME = "$(TARGET_NAME)";
				SWIFT_VERSION = 4.0;
				TARGETED_DEVICE_FAMILY = "1,2";
			};
			name = Debug;
		};
		EA78698A22002ECC003AC4CF /* Release */ = {
			isa = XCBuildConfiguration;
			baseConfigurationReference = 9EAA561B4A9CDD8EA253F26C /* Pods-TrendRoadChartsSample.release.xcconfig */;
			buildSettings = {
				ASSETCATALOG_COMPILER_APPICON_NAME = AppIcon;
				CODE_SIGN_STYLE = Automatic;
				INFOPLIST_FILE = TrendRoadChartsSample/Info.plist;
				LD_RUNPATH_SEARCH_PATHS = (
					"$(inherited)",
					"@executable_path/Frameworks",
				);
				PRODUCT_BUNDLE_IDENTIFIER = com.lonely4flow.TrendRoadChartsSample;
				PRODUCT_NAME = "$(TARGET_NAME)";
				SWIFT_VERSION = 4.0;
				TARGETED_DEVICE_FAMILY = "1,2";
			};
			name = Release;
		};
		EA78698C22002ECC003AC4CF /* Debug */ = {
			isa = XCBuildConfiguration;
			baseConfigurationReference = E763249E5B8FC2C9516A2CF8 /* Pods-TrendRoadChartsSampleTests.debug.xcconfig */;
			buildSettings = {
				ALWAYS_EMBED_SWIFT_STANDARD_LIBRARIES = YES;
				BUNDLE_LOADER = "$(TEST_HOST)";
				CODE_SIGN_STYLE = Automatic;
				INFOPLIST_FILE = TrendRoadChartsSampleTests/Info.plist;
				LD_RUNPATH_SEARCH_PATHS = (
					"$(inherited)",
					"@executable_path/Frameworks",
					"@loader_path/Frameworks",
				);
				PRODUCT_BUNDLE_IDENTIFIER = com.lonely4flow.TrendRoadChartsSampleTests;
				PRODUCT_NAME = "$(TARGET_NAME)";
				SWIFT_VERSION = 4.0;
				TARGETED_DEVICE_FAMILY = "1,2";
				TEST_HOST = "$(BUILT_PRODUCTS_DIR)/TrendRoadChartsSample.app/TrendRoadChartsSample";
			};
			name = Debug;
		};
		EA78698D22002ECC003AC4CF /* Release */ = {
			isa = XCBuildConfiguration;
			baseConfigurationReference = 107A34E25F63F5E7D602886A /* Pods-TrendRoadChartsSampleTests.release.xcconfig */;
			buildSettings = {
				ALWAYS_EMBED_SWIFT_STANDARD_LIBRARIES = YES;
				BUNDLE_LOADER = "$(TEST_HOST)";
				CODE_SIGN_STYLE = Automatic;
				INFOPLIST_FILE = TrendRoadChartsSampleTests/Info.plist;
				LD_RUNPATH_SEARCH_PATHS = (
					"$(inherited)",
					"@executable_path/Frameworks",
					"@loader_path/Frameworks",
				);
				PRODUCT_BUNDLE_IDENTIFIER = com.lonely4flow.TrendRoadChartsSampleTests;
				PRODUCT_NAME = "$(TARGET_NAME)";
				SWIFT_VERSION = 4.0;
				TARGETED_DEVICE_FAMILY = "1,2";
				TEST_HOST = "$(BUILT_PRODUCTS_DIR)/TrendRoadChartsSample.app/TrendRoadChartsSample";
			};
			name = Release;
		};
		EA78698F22002ECC003AC4CF /* Debug */ = {
			isa = XCBuildConfiguration;
			baseConfigurationReference = 541F7CEC90884E1A08451AE5 /* Pods-TrendRoadChartsSampleUITests.debug.xcconfig */;
			buildSettings = {
				ALWAYS_EMBED_SWIFT_STANDARD_LIBRARIES = YES;
				CODE_SIGN_STYLE = Automatic;
				INFOPLIST_FILE = TrendRoadChartsSampleUITests/Info.plist;
				LD_RUNPATH_SEARCH_PATHS = (
					"$(inherited)",
					"@executable_path/Frameworks",
					"@loader_path/Frameworks",
				);
				PRODUCT_BUNDLE_IDENTIFIER = com.lonely4flow.TrendRoadChartsSampleUITests;
				PRODUCT_NAME = "$(TARGET_NAME)";
				SWIFT_VERSION = 4.0;
				TARGETED_DEVICE_FAMILY = "1,2";
				TEST_TARGET_NAME = TrendRoadChartsSample;
			};
			name = Debug;
		};
		EA78699022002ECC003AC4CF /* Release */ = {
			isa = XCBuildConfiguration;
			baseConfigurationReference = D620592FE6473A5E6F2E706B /* Pods-TrendRoadChartsSampleUITests.release.xcconfig */;
			buildSettings = {
				ALWAYS_EMBED_SWIFT_STANDARD_LIBRARIES = YES;
				CODE_SIGN_STYLE = Automatic;
				INFOPLIST_FILE = TrendRoadChartsSampleUITests/Info.plist;
				LD_RUNPATH_SEARCH_PATHS = (
					"$(inherited)",
					"@executable_path/Frameworks",
					"@loader_path/Frameworks",
				);
				PRODUCT_BUNDLE_IDENTIFIER = com.lonely4flow.TrendRoadChartsSampleUITests;
				PRODUCT_NAME = "$(TARGET_NAME)";
				SWIFT_VERSION = 4.0;
				TARGETED_DEVICE_FAMILY = "1,2";
				TEST_TARGET_NAME = TrendRoadChartsSample;
			};
			name = Release;
		};
/* End XCBuildConfiguration section */

/* Begin XCConfigurationList section */
		EA78695B22002ECB003AC4CF /* Build configuration list for PBXProject "TrendRoadChartsSample" */ = {
			isa = XCConfigurationList;
			buildConfigurations = (
				EA78698622002ECC003AC4CF /* Debug */,
				EA78698722002ECC003AC4CF /* Release */,
			);
			defaultConfigurationIsVisible = 0;
			defaultConfigurationName = Release;
		};
		EA78698822002ECC003AC4CF /* Build configuration list for PBXNativeTarget "TrendRoadChartsSample" */ = {
			isa = XCConfigurationList;
			buildConfigurations = (
				EA78698922002ECC003AC4CF /* Debug */,
				EA78698A22002ECC003AC4CF /* Release */,
			);
			defaultConfigurationIsVisible = 0;
			defaultConfigurationName = Release;
		};
		EA78698B22002ECC003AC4CF /* Build configuration list for PBXNativeTarget "TrendRoadChartsSampleTests" */ = {
			isa = XCConfigurationList;
			buildConfigurations = (
				EA78698C22002ECC003AC4CF /* Debug */,
				EA78698D22002ECC003AC4CF /* Release */,
			);
			defaultConfigurationIsVisible = 0;
			defaultConfigurationName = Release;
		};
		EA78698E22002ECC003AC4CF /* Build configuration list for PBXNativeTarget "TrendRoadChartsSampleUITests" */ = {
			isa = XCConfigurationList;
			buildConfigurations = (
				EA78698F22002ECC003AC4CF /* Debug */,
				EA78699022002ECC003AC4CF /* Release */,
			);
			defaultConfigurationIsVisible = 0;
			defaultConfigurationName = Release;
		};
/* End XCConfigurationList section */
	};
	rootObject = EA78695822002ECB003AC4CF /* Project object */;
}
